
Microsoft Visual Studio Solution File, Format Version 12.00
# Visual Studio 15
VisualStudioVersion = 15.0.26730.12
MinimumVisualStudioVersion = 10.0.40219.1
Project("{FAE04EC0-301F-11D3-BF4B-00C04F79EFBC}") = "App3.Android", "App3\App3.Android\App3.Android.csproj", "{F5FB2EAD-0BD6-4FE0-BA0C-3D8EDE2FAE57}"
EndProject
Project("{FAE04EC0-301F-11D3-BF4B-00C04F79EFBC}") = "App3", "App3\App3\App3.csproj", "{F21CB8C9-24BF-477E-B3AB-58505E0D64BD}"
EndProject
Project("{FAE04EC0-301F-11D3-BF4B-00C04F79EFBC}") = "App3.UWP", "App3\App3.UWP\App3.UWP.csproj", "{80946275-FBE3-4B6F-ACDC-23812BFE982F}"
EndProject
Project("{FAE04EC0-301F-11D3-BF4B-00C04F79EFBC}") = "App3.iOS", "App3\App3.iOS\App3.iOS.csproj", "{F33AEDA3-073E-4EA7-9739-2C74E2734854}"
EndProject
Global
	GlobalSection(SolutionConfigurationPlatforms) = preSolution
		Ad-Hoc|Any CPU = Ad-Hoc|Any CPU
		Ad-Hoc|ARM = Ad-Hoc|ARM
		Ad-Hoc|iPhone = Ad-Hoc|iPhone
		Ad-Hoc|iPhoneSimulator = Ad-Hoc|iPhoneSimulator
		Ad-Hoc|x64 = Ad-Hoc|x64
		Ad-Hoc|x86 = Ad-Hoc|x86
		AppStore|Any CPU = AppStore|Any CPU
		AppStore|ARM = AppStore|ARM
		AppStore|iPhone = AppStore|iPhone
		AppStore|iPhoneSimulator = AppStore|iPhoneSimulator
		AppStore|x64 = AppStore|x64
		AppStore|x86 = AppStore|x86
		Debug|Any CPU = Debug|Any CPU
		Debug|ARM = Debug|ARM
		Debug|iPhone = Debug|iPhone
		Debug|iPhoneSimulator = Debug|iPhoneSimulator
		Debug|x64 = Debug|x64
		Debug|x86 = Debug|x86
		Release|Any CPU = Release|Any CPU
		Release|ARM = Release|ARM
		Release|iPhone = Release|iPhone
		Release|iPhoneSimulator = Release|iPhoneSimulator
		Release|x64 = Release|x64
		Release|x86 = Release|x86
	EndGlobalSection
	GlobalSection(ProjectConfigurationPlatforms) = postSolution
		{F5FB2EAD-0BD6-4FE0-BA0C-3D8EDE2FAE57}.Ad-Hoc|Any CPU.ActiveCfg = Release|Any CPU
		{F5FB2EAD-0BD6-4FE0-BA0C-3D8EDE2FAE57}.Ad-Hoc|Any CPU.Build.0 = Release|Any CPU
		{F5FB2EAD-0BD6-4FE0-BA0C-3D8EDE2FAE57}.Ad-Hoc|Any CPU.Deploy.0 = Release|Any CPU
		{F5FB2EAD-0BD6-4FE0-BA0C-3D8EDE2FAE57}.Ad-Hoc|ARM.ActiveCfg = Release|Any CPU
		{F5FB2EAD-0BD6-4FE0-BA0C-3D8EDE2FAE57}.Ad-Hoc|ARM.Build.0 = Release|Any CPU
		{F5FB2EAD-0BD6-4FE0-BA0C-3D8EDE2FAE57}.Ad-Hoc|ARM.Deploy.0 = Release|Any CPU
		{F5FB2EAD-0BD6-4FE0-BA0C-3D8EDE2FAE57}.Ad-Hoc|iPhone.ActiveCfg = Release|Any CPU
		{F5FB2EAD-0BD6-4FE0-BA0C-3D8EDE2FAE57}.Ad-Hoc|iPhone.Build.0 = Release|Any CPU
		{F5FB2EAD-0BD6-4FE0-BA0C-3D8EDE2FAE57}.Ad-Hoc|iPhone.Deploy.0 = Release|Any CPU
		{F5FB2EAD-0BD6-4FE0-BA0C-3D8EDE2FAE57}.Ad-Hoc|iPhoneSimulator.ActiveCfg = Release|Any CPU
		{F5FB2EAD-0BD6-4FE0-BA0C-3D8EDE2FAE57}.Ad-Hoc|iPhoneSimulator.Build.0 = Release|Any CPU
		{F5FB2EAD-0BD6-4FE0-BA0C-3D8EDE2FAE57}.Ad-Hoc|iPhoneSimulator.Deploy.0 = Release|Any CPU
		{F5FB2EAD-0BD6-4FE0-BA0C-3D8EDE2FAE57}.Ad-Hoc|x64.ActiveCfg = Release|Any CPU
		{F5FB2EAD-0BD6-4FE0-BA0C-3D8EDE2FAE57}.Ad-Hoc|x64.Build.0 = Release|Any CPU
		{F5FB2EAD-0BD6-4FE0-BA0C-3D8EDE2FAE57}.Ad-Hoc|x64.Deploy.0 = Release|Any CPU
		{F5FB2EAD-0BD6-4FE0-BA0C-3D8EDE2FAE57}.Ad-Hoc|x86.ActiveCfg = Release|Any CPU
		{F5FB2EAD-0BD6-4FE0-BA0C-3D8EDE2FAE57}.Ad-Hoc|x86.Build.0 = Release|Any CPU
		{F5FB2EAD-0BD6-4FE0-BA0C-3D8EDE2FAE57}.Ad-Hoc|x86.Deploy.0 = Release|Any CPU
		{F5FB2EAD-0BD6-4FE0-BA0C-3D8EDE2FAE57}.AppStore|Any CPU.ActiveCfg = Release|Any CPU
		{F5FB2EAD-0BD6-4FE0-BA0C-3D8EDE2FAE57}.AppStore|Any CPU.Build.0 = Release|Any CPU
		{F5FB2EAD-0BD6-4FE0-BA0C-3D8EDE2FAE57}.AppStore|Any CPU.Deploy.0 = Release|Any CPU
		{F5FB2EAD-0BD6-4FE0-BA0C-3D8EDE2FAE57}.AppStore|ARM.ActiveCfg = Release|Any CPU
		{F5FB2EAD-0BD6-4FE0-BA0C-3D8EDE2FAE57}.AppStore|ARM.Build.0 = Release|Any CPU
		{F5FB2EAD-0BD6-4FE0-BA0C-3D8EDE2FAE57}.AppStore|ARM.Deploy.0 = Release|Any CPU
		{F5FB2EAD-0BD6-4FE0-BA0C-3D8EDE2FAE57}.AppStore|iPhone.ActiveCfg = Release|Any CPU
		{F5FB2EAD-0BD6-4FE0-BA0C-3D8EDE2FAE57}.AppStore|iPhone.Build.0 = Release|Any CPU
		{F5FB2EAD-0BD6-4FE0-BA0C-3D8EDE2FAE57}.AppStore|iPhone.Deploy.0 = Release|Any CPU
		{F5FB2EAD-0BD6-4FE0-BA0C-3D8EDE2FAE57}.AppStore|iPhoneSimulator.ActiveCfg = Release|Any CPU
		{F5FB2EAD-0BD6-4FE0-BA0C-3D8EDE2FAE57}.AppStore|iPhoneSimulator.Build.0 = Release|Any CPU
		{F5FB2EAD-0BD6-4FE0-BA0C-3D8EDE2FAE57}.AppStore|iPhoneSimulator.Deploy.0 = Release|Any CPU
		{F5FB2EAD-0BD6-4FE0-BA0C-3D8EDE2FAE57}.AppStore|x64.ActiveCfg = Release|Any CPU
		{F5FB2EAD-0BD6-4FE0-BA0C-3D8EDE2FAE57}.AppStore|x64.Build.0 = Release|Any CPU
		{F5FB2EAD-0BD6-4FE0-BA0C-3D8EDE2FAE57}.AppStore|x64.Deploy.0 = Release|Any CPU
		{F5FB2EAD-0BD6-4FE0-BA0C-3D8EDE2FAE57}.AppStore|x86.ActiveCfg = Release|Any CPU
		{F5FB2EAD-0BD6-4FE0-BA0C-3D8EDE2FAE57}.AppStore|x86.Build.0 = Release|Any CPU
		{F5FB2EAD-0BD6-4FE0-BA0C-3D8EDE2FAE57}.AppStore|x86.Deploy.0 = Release|Any CPU
		{F5FB2EAD-0BD6-4FE0-BA0C-3D8EDE2FAE57}.Debug|Any CPU.ActiveCfg = Debug|Any CPU
		{F5FB2EAD-0BD6-4FE0-BA0C-3D8EDE2FAE57}.Debug|Any CPU.Build.0 = Debug|Any CPU
		{F5FB2EAD-0BD6-4FE0-BA0C-3D8EDE2FAE57}.Debug|Any CPU.Deploy.0 = Debug|Any CPU
		{F5FB2EAD-0BD6-4FE0-BA0C-3D8EDE2FAE57}.Debug|ARM.ActiveCfg = Debug|Any CPU
		{F5FB2EAD-0BD6-4FE0-BA0C-3D8EDE2FAE57}.Debug|ARM.Build.0 = Debug|Any CPU
		{F5FB2EAD-0BD6-4FE0-BA0C-3D8EDE2FAE57}.Debug|ARM.Deploy.0 = Debug|Any CPU
		{F5FB2EAD-0BD6-4FE0-BA0C-3D8EDE2FAE57}.Debug|iPhone.ActiveCfg = Debug|Any CPU
		{F5FB2EAD-0BD6-4FE0-BA0C-3D8EDE2FAE57}.Debug|iPhone.Build.0 = Debug|Any CPU
		{F5FB2EAD-0BD6-4FE0-BA0C-3D8EDE2FAE57}.Debug|iPhone.Deploy.0 = Debug|Any CPU
		{F5FB2EAD-0BD6-4FE0-BA0C-3D8EDE2FAE57}.Debug|iPhoneSimulator.ActiveCfg = Debug|Any CPU
		{F5FB2EAD-0BD6-4FE0-BA0C-3D8EDE2FAE57}.Debug|iPhoneSimulator.Build.0 = Debug|Any CPU
		{F5FB2EAD-0BD6-4FE0-BA0C-3D8EDE2FAE57}.Debug|iPhoneSimulator.Deploy.0 = Debug|Any CPU
		{F5FB2EAD-0BD6-4FE0-BA0C-3D8EDE2FAE57}.Debug|x64.ActiveCfg = Debug|Any CPU
		{F5FB2EAD-0BD6-4FE0-BA0C-3D8EDE2FAE57}.Debug|x64.Build.0 = Debug|Any CPU
		{F5FB2EAD-0BD6-4FE0-BA0C-3D8EDE2FAE57}.Debug|x64.Deploy.0 = Debug|Any CPU
		{F5FB2EAD-0BD6-4FE0-BA0C-3D8EDE2FAE57}.Debug|x86.ActiveCfg = Debug|Any CPU
		{F5FB2EAD-0BD6-4FE0-BA0C-3D8EDE2FAE57}.Debug|x86.Build.0 = Debug|Any CPU
		{F5FB2EAD-0BD6-4FE0-BA0C-3D8EDE2FAE57}.Debug|x86.Deploy.0 = Debug|Any CPU
		{F5FB2EAD-0BD6-4FE0-BA0C-3D8EDE2FAE57}.Release|Any CPU.ActiveCfg = Release|Any CPU
		{F5FB2EAD-0BD6-4FE0-BA0C-3D8EDE2FAE57}.Release|Any CPU.Build.0 = Release|Any CPU
		{F5FB2EAD-0BD6-4FE0-BA0C-3D8EDE2FAE57}.Release|Any CPU.Deploy.0 = Release|Any CPU
		{F5FB2EAD-0BD6-4FE0-BA0C-3D8EDE2FAE57}.Release|ARM.ActiveCfg = Release|Any CPU
		{F5FB2EAD-0BD6-4FE0-BA0C-3D8EDE2FAE57}.Release|ARM.Build.0 = Release|Any CPU
		{F5FB2EAD-0BD6-4FE0-BA0C-3D8EDE2FAE57}.Release|ARM.Deploy.0 = Release|Any CPU
		{F5FB2EAD-0BD6-4FE0-BA0C-3D8EDE2FAE57}.Release|iPhone.ActiveCfg = Release|Any CPU
		{F5FB2EAD-0BD6-4FE0-BA0C-3D8EDE2FAE57}.Release|iPhone.Build.0 = Release|Any CPU
		{F5FB2EAD-0BD6-4FE0-BA0C-3D8EDE2FAE57}.Release|iPhone.Deploy.0 = Release|Any CPU
		{F5FB2EAD-0BD6-4FE0-BA0C-3D8EDE2FAE57}.Release|iPhoneSimulator.ActiveCfg = Release|Any CPU
		{F5FB2EAD-0BD6-4FE0-BA0C-3D8EDE2FAE57}.Release|iPhoneSimulator.Build.0 = Release|Any CPU
		{F5FB2EAD-0BD6-4FE0-BA0C-3D8EDE2FAE57}.Release|iPhoneSimulator.Deploy.0 = Release|Any CPU
		{F5FB2EAD-0BD6-4FE0-BA0C-3D8EDE2FAE57}.Release|x64.ActiveCfg = Release|Any CPU
		{F5FB2EAD-0BD6-4FE0-BA0C-3D8EDE2FAE57}.Release|x64.Build.0 = Release|Any CPU
		{F5FB2EAD-0BD6-4FE0-BA0C-3D8EDE2FAE57}.Release|x64.Deploy.0 = Release|Any CPU
		{F5FB2EAD-0BD6-4FE0-BA0C-3D8EDE2FAE57}.Release|x86.ActiveCfg = Release|Any CPU
		{F5FB2EAD-0BD6-4FE0-BA0C-3D8EDE2FAE57}.Release|x86.Build.0 = Release|Any CPU
		{F5FB2EAD-0BD6-4FE0-BA0C-3D8EDE2FAE57}.Release|x86.Deploy.0 = Release|Any CPU
		{F21CB8C9-24BF-477E-B3AB-58505E0D64BD}.Ad-Hoc|Any CPU.ActiveCfg = Release|Any CPU
		{F21CB8C9-24BF-477E-B3AB-58505E0D64BD}.Ad-Hoc|Any CPU.Build.0 = Release|Any CPU
		{F21CB8C9-24BF-477E-B3AB-58505E0D64BD}.Ad-Hoc|ARM.ActiveCfg = Release|Any CPU
		{F21CB8C9-24BF-477E-B3AB-58505E0D64BD}.Ad-Hoc|ARM.Build.0 = Release|Any CPU
		{F21CB8C9-24BF-477E-B3AB-58505E0D64BD}.Ad-Hoc|iPhone.ActiveCfg = Release|Any CPU
		{F21CB8C9-24BF-477E-B3AB-58505E0D64BD}.Ad-Hoc|iPhone.Build.0 = Release|Any CPU
		{F21CB8C9-24BF-477E-B3AB-58505E0D64BD}.Ad-Hoc|iPhoneSimulator.ActiveCfg = Release|Any CPU
		{F21CB8C9-24BF-477E-B3AB-58505E0D64BD}.Ad-Hoc|iPhoneSimulator.Build.0 = Release|Any CPU
		{F21CB8C9-24BF-477E-B3AB-58505E0D64BD}.Ad-Hoc|x64.ActiveCfg = Release|Any CPU
		{F21CB8C9-24BF-477E-B3AB-58505E0D64BD}.Ad-Hoc|x64.Build.0 = Release|Any CPU
		{F21CB8C9-24BF-477E-B3AB-58505E0D64BD}.Ad-Hoc|x86.ActiveCfg = Release|Any CPU
		{F21CB8C9-24BF-477E-B3AB-58505E0D64BD}.Ad-Hoc|x86.Build.0 = Release|Any CPU
		{F21CB8C9-24BF-477E-B3AB-58505E0D64BD}.AppStore|Any CPU.ActiveCfg = Release|Any CPU
		{F21CB8C9-24BF-477E-B3AB-58505E0D64BD}.AppStore|Any CPU.Build.0 = Release|Any CPU
		{F21CB8C9-24BF-477E-B3AB-58505E0D64BD}.AppStore|ARM.ActiveCfg = Release|Any CPU
		{F21CB8C9-24BF-477E-B3AB-58505E0D64BD}.AppStore|ARM.Build.0 = Release|Any CPU
		{F21CB8C9-24BF-477E-B3AB-58505E0D64BD}.AppStore|iPhone.ActiveCfg = Release|Any CPU
		{F21CB8C9-24BF-477E-B3AB-58505E0D64BD}.AppStore|iPhone.Build.0 = Release|Any CPU
		{F21CB8C9-24BF-477E-B3AB-58505E0D64BD}.AppStore|iPhoneSimulator.ActiveCfg = Release|Any CPU
		{F21CB8C9-24BF-477E-B3AB-58505E0D64BD}.AppStore|iPhoneSimulator.Build.0 = Release|Any CPU
		{F21CB8C9-24BF-477E-B3AB-58505E0D64BD}.AppStore|x64.ActiveCfg = Release|Any CPU
		{F21CB8C9-24BF-477E-B3AB-58505E0D64BD}.AppStore|x64.Build.0 = Release|Any CPU
		{F21CB8C9-24BF-477E-B3AB-58505E0D64BD}.AppStore|x86.ActiveCfg = Release|Any CPU
		{F21CB8C9-24BF-477E-B3AB-58505E0D64BD}.AppStore|x86.Build.0 = Release|Any CPU
		{F21CB8C9-24BF-477E-B3AB-58505E0D64BD}.Debug|Any CPU.ActiveCfg = Debug|Any CPU
		{F21CB8C9-24BF-477E-B3AB-58505E0D64BD}.Debug|Any CPU.Build.0 = Debug|Any CPU
		{F21CB8C9-24BF-477E-B3AB-58505E0D64BD}.Debug|ARM.ActiveCfg = Debug|Any CPU
		{F21CB8C9-24BF-477E-B3AB-58505E0D64BD}.Debug|ARM.Build.0 = Debug|Any CPU
		{F21CB8C9-24BF-477E-B3AB-58505E0D64BD}.Debug|iPhone.ActiveCfg = Debug|Any CPU
		{F21CB8C9-24BF-477E-B3AB-58505E0D64BD}.Debug|iPhone.Build.0 = Debug|Any CPU
		{F21CB8C9-24BF-477E-B3AB-58505E0D64BD}.Debug|iPhoneSimulator.ActiveCfg = Debug|Any CPU
		{F21CB8C9-24BF-477E-B3AB-58505E0D64BD}.Debug|iPhoneSimulator.Build.0 = Debug|Any CPU
		{F21CB8C9-24BF-477E-B3AB-58505E0D64BD}.Debug|x64.ActiveCfg = Debug|Any CPU
		{F21CB8C9-24BF-477E-B3AB-58505E0D64BD}.Debug|x64.Build.0 = Debug|Any CPU
		{F21CB8C9-24BF-477E-B3AB-58505E0D64BD}.Debug|x86.ActiveCfg = Debug|Any CPU
		{F21CB8C9-24BF-477E-B3AB-58505E0D64BD}.Debug|x86.Build.0 = Debug|Any CPU
		{F21CB8C9-24BF-477E-B3AB-58505E0D64BD}.Release|Any CPU.ActiveCfg = Release|Any CPU
		{F21CB8C9-24BF-477E-B3AB-58505E0D64BD}.Release|Any CPU.Build.0 = Release|Any CPU
		{F21CB8C9-24BF-477E-B3AB-58505E0D64BD}.Release|ARM.ActiveCfg = Release|Any CPU
		{F21CB8C9-24BF-477E-B3AB-58505E0D64BD}.Release|ARM.Build.0 = Release|Any CPU
		{F21CB8C9-24BF-477E-B3AB-58505E0D64BD}.Release|iPhone.ActiveCfg = Release|Any CPU
		{F21CB8C9-24BF-477E-B3AB-58505E0D64BD}.Release|iPhone.Build.0 = Release|Any CPU
		{F21CB8C9-24BF-477E-B3AB-58505E0D64BD}.Release|iPhoneSimulator.ActiveCfg = Release|Any CPU
		{F21CB8C9-24BF-477E-B3AB-58505E0D64BD}.Release|iPhoneSimulator.Build.0 = Release|Any CPU
		{F21CB8C9-24BF-477E-B3AB-58505E0D64BD}.Release|x64.ActiveCfg = Release|Any CPU
		{F21CB8C9-24BF-477E-B3AB-58505E0D64BD}.Release|x64.Build.0 = Release|Any CPU
		{F21CB8C9-24BF-477E-B3AB-58505E0D64BD}.Release|x86.ActiveCfg = Release|Any CPU
		{F21CB8C9-24BF-477E-B3AB-58505E0D64BD}.Release|x86.Build.0 = Release|Any CPU
		{80946275-FBE3-4B6F-ACDC-23812BFE982F}.Ad-Hoc|Any CPU.ActiveCfg = Release|x86
		{80946275-FBE3-4B6F-ACDC-23812BFE982F}.Ad-Hoc|Any CPU.Build.0 = Release|x86
		{80946275-FBE3-4B6F-ACDC-23812BFE982F}.Ad-Hoc|Any CPU.Deploy.0 = Release|x86
		{80946275-FBE3-4B6F-ACDC-23812BFE982F}.Ad-Hoc|ARM.ActiveCfg = Release|ARM
		{80946275-FBE3-4B6F-ACDC-23812BFE982F}.Ad-Hoc|ARM.Build.0 = Release|ARM
		{80946275-FBE3-4B6F-ACDC-23812BFE982F}.Ad-Hoc|ARM.Deploy.0 = Release|ARM
		{80946275-FBE3-4B6F-ACDC-23812BFE982F}.Ad-Hoc|iPhone.ActiveCfg = Release|x86
		{80946275-FBE3-4B6F-ACDC-23812BFE982F}.Ad-Hoc|iPhone.Build.0 = Release|x86
		{80946275-FBE3-4B6F-ACDC-23812BFE982F}.Ad-Hoc|iPhone.Deploy.0 = Release|x86
		{80946275-FBE3-4B6F-ACDC-23812BFE982F}.Ad-Hoc|iPhoneSimulator.ActiveCfg = Release|x86
		{80946275-FBE3-4B6F-ACDC-23812BFE982F}.Ad-Hoc|iPhoneSimulator.Build.0 = Release|x86
		{80946275-FBE3-4B6F-ACDC-23812BFE982F}.Ad-Hoc|iPhoneSimulator.Deploy.0 = Release|x86
		{80946275-FBE3-4B6F-ACDC-23812BFE982F}.Ad-Hoc|x64.ActiveCfg = Release|x64
		{80946275-FBE3-4B6F-ACDC-23812BFE982F}.Ad-Hoc|x64.Build.0 = Release|x64
		{80946275-FBE3-4B6F-ACDC-23812BFE982F}.Ad-Hoc|x64.Deploy.0 = Release|x64
		{80946275-FBE3-4B6F-ACDC-23812BFE982F}.Ad-Hoc|x86.ActiveCfg = Release|x86
		{80946275-FBE3-4B6F-ACDC-23812BFE982F}.Ad-Hoc|x86.Build.0 = Release|x86
		{80946275-FBE3-4B6F-ACDC-23812BFE982F}.Ad-Hoc|x86.Deploy.0 = Release|x86
		{80946275-FBE3-4B6F-ACDC-23812BFE982F}.AppStore|Any CPU.ActiveCfg = Release|x86
		{80946275-FBE3-4B6F-ACDC-23812BFE982F}.AppStore|Any CPU.Build.0 = Release|x86
		{80946275-FBE3-4B6F-ACDC-23812BFE982F}.AppStore|Any CPU.Deploy.0 = Release|x86
		{80946275-FBE3-4B6F-ACDC-23812BFE982F}.AppStore|ARM.ActiveCfg = Release|ARM
		{80946275-FBE3-4B6F-ACDC-23812BFE982F}.AppStore|ARM.Build.0 = Release|ARM
		{80946275-FBE3-4B6F-ACDC-23812BFE982F}.AppStore|ARM.Deploy.0 = Release|ARM
		{80946275-FBE3-4B6F-ACDC-23812BFE982F}.AppStore|iPhone.ActiveCfg = Release|x86
		{80946275-FBE3-4B6F-ACDC-23812BFE982F}.AppStore|iPhone.Build.0 = Release|x86
		{80946275-FBE3-4B6F-ACDC-23812BFE982F}.AppStore|iPhone.Deploy.0 = Release|x86
		{80946275-FBE3-4B6F-ACDC-23812BFE982F}.AppStore|iPhoneSimulator.ActiveCfg = Release|x86
		{80946275-FBE3-4B6F-ACDC-23812BFE982F}.AppStore|iPhoneSimulator.Build.0 = Release|x86
		{80946275-FBE3-4B6F-ACDC-23812BFE982F}.AppStore|iPhoneSimulator.Deploy.0 = Release|x86
		{80946275-FBE3-4B6F-ACDC-23812BFE982F}.AppStore|x64.ActiveCfg = Release|x64
		{80946275-FBE3-4B6F-ACDC-23812BFE982F}.AppStore|x64.Build.0 = Release|x64
		{80946275-FBE3-4B6F-ACDC-23812BFE982F}.AppStore|x64.Deploy.0 = Release|x64
		{80946275-FBE3-4B6F-ACDC-23812BFE982F}.AppStore|x86.ActiveCfg = Release|x86
		{80946275-FBE3-4B6F-ACDC-23812BFE982F}.AppStore|x86.Build.0 = Release|x86
		{80946275-FBE3-4B6F-ACDC-23812BFE982F}.AppStore|x86.Deploy.0 = Release|x86
		{80946275-FBE3-4B6F-ACDC-23812BFE982F}.Debug|Any CPU.ActiveCfg = Debug|x86
		{80946275-FBE3-4B6F-ACDC-23812BFE982F}.Debug|ARM.ActiveCfg = Debug|ARM
		{80946275-FBE3-4B6F-ACDC-23812BFE982F}.Debug|ARM.Build.0 = Debug|ARM
		{80946275-FBE3-4B6F-ACDC-23812BFE982F}.Debug|ARM.Deploy.0 = Debug|ARM
		{80946275-FBE3-4B6F-ACDC-23812BFE982F}.Debug|iPhone.ActiveCfg = Debug|x86
		{80946275-FBE3-4B6F-ACDC-23812BFE982F}.Debug|iPhoneSimulator.ActiveCfg = Debug|x86
		{80946275-FBE3-4B6F-ACDC-23812BFE982F}.Debug|x64.ActiveCfg = Debug|x64
		{80946275-FBE3-4B6F-ACDC-23812BFE982F}.Debug|x64.Build.0 = Debug|x64
		{80946275-FBE3-4B6F-ACDC-23812BFE982F}.Debug|x64.Deploy.0 = Debug|x64
		{80946275-FBE3-4B6F-ACDC-23812BFE982F}.Debug|x86.ActiveCfg = Debug|x86
		{80946275-FBE3-4B6F-ACDC-23812BFE982F}.Debug|x86.Build.0 = Debug|x86
		{80946275-FBE3-4B6F-ACDC-23812BFE982F}.Debug|x86.Deploy.0 = Debug|x86
		{80946275-FBE3-4B6F-ACDC-23812BFE982F}.Release|Any CPU.ActiveCfg = Release|x86
		{80946275-FBE3-4B6F-ACDC-23812BFE982F}.Release|ARM.ActiveCfg = Release|ARM
		{80946275-FBE3-4B6F-ACDC-23812BFE982F}.Release|ARM.Build.0 = Release|ARM
		{80946275-FBE3-4B6F-ACDC-23812BFE982F}.Release|ARM.Deploy.0 = Release|ARM
		{80946275-FBE3-4B6F-ACDC-23812BFE982F}.Release|iPhone.ActiveCfg = Release|x86
		{80946275-FBE3-4B6F-ACDC-23812BFE982F}.Release|iPhoneSimulator.ActiveCfg = Release|x86
		{80946275-FBE3-4B6F-ACDC-23812BFE982F}.Release|x64.ActiveCfg = Release|x64
		{80946275-FBE3-4B6F-ACDC-23812BFE982F}.Release|x64.Build.0 = Release|x64
		{80946275-FBE3-4B6F-ACDC-23812BFE982F}.Release|x64.Deploy.0 = Release|x64
		{80946275-FBE3-4B6F-ACDC-23812BFE982F}.Release|x86.ActiveCfg = Release|x86
		{80946275-FBE3-4B6F-ACDC-23812BFE982F}.Release|x86.Build.0 = Release|x86
		{80946275-FBE3-4B6F-ACDC-23812BFE982F}.Release|x86.Deploy.0 = Release|x86
		{F33AEDA3-073E-4EA7-9739-2C74E2734854}.Ad-Hoc|Any CPU.ActiveCfg = Ad-Hoc|iPhone
		{F33AEDA3-073E-4EA7-9739-2C74E2734854}.Ad-Hoc|ARM.ActiveCfg = Ad-Hoc|iPhone
		{F33AEDA3-073E-4EA7-9739-2C74E2734854}.Ad-Hoc|iPhone.ActiveCfg = Ad-Hoc|iPhone
		{F33AEDA3-073E-4EA7-9739-2C74E2734854}.Ad-Hoc|iPhone.Build.0 = Ad-Hoc|iPhone
		{F33AEDA3-073E-4EA7-9739-2C74E2734854}.Ad-Hoc|iPhoneSimulator.ActiveCfg = Ad-Hoc|iPhoneSimulator
		{F33AEDA3-073E-4EA7-9739-2C74E2734854}.Ad-Hoc|iPhoneSimulator.Build.0 = Ad-Hoc|iPhoneSimulator
		{F33AEDA3-073E-4EA7-9739-2C74E2734854}.Ad-Hoc|x64.ActiveCfg = Ad-Hoc|iPhone
		{F33AEDA3-073E-4EA7-9739-2C74E2734854}.Ad-Hoc|x86.ActiveCfg = Ad-Hoc|iPhone
		{F33AEDA3-073E-4EA7-9739-2C74E2734854}.AppStore|Any CPU.ActiveCfg = AppStore|iPhone
		{F33AEDA3-073E-4EA7-9739-2C74E2734854}.AppStore|ARM.ActiveCfg = AppStore|iPhone
		{F33AEDA3-073E-4EA7-9739-2C74E2734854}.AppStore|iPhone.ActiveCfg = AppStore|iPhone
		{F33AEDA3-073E-4EA7-9739-2C74E2734854}.AppStore|iPhone.Build.0 = AppStore|iPhone
		{F33AEDA3-073E-4EA7-9739-2C74E2734854}.AppStore|iPhoneSimulator.ActiveCfg = AppStore|iPhoneSimulator
		{F33AEDA3-073E-4EA7-9739-2C74E2734854}.AppStore|iPhoneSimulator.Build.0 = AppStore|iPhoneSimulator
		{F33AEDA3-073E-4EA7-9739-2C74E2734854}.AppStore|x64.ActiveCfg = AppStore|iPhone
		{F33AEDA3-073E-4EA7-9739-2C74E2734854}.AppStore|x86.ActiveCfg = AppStore|iPhone
		{F33AEDA3-073E-4EA7-9739-2C74E2734854}.Debug|Any CPU.ActiveCfg = Debug|iPhone
		{F33AEDA3-073E-4EA7-9739-2C74E2734854}.Debug|ARM.ActiveCfg = Debug|iPhone
		{F33AEDA3-073E-4EA7-9739-2C74E2734854}.Debug|iPhone.ActiveCfg = Debug|iPhone
		{F33AEDA3-073E-4EA7-9739-2C74E2734854}.Debug|iPhone.Build.0 = Debug|iPhone
		{F33AEDA3-073E-4EA7-9739-2C74E2734854}.Debug|iPhoneSimulator.ActiveCfg = Debug|iPhoneSimulator
		{F33AEDA3-073E-4EA7-9739-2C74E2734854}.Debug|iPhoneSimulator.Build.0 = Debug|iPhoneSimulator
		{F33AEDA3-073E-4EA7-9739-2C74E2734854}.Debug|x64.ActiveCfg = Debug|iPhone
		{F33AEDA3-073E-4EA7-9739-2C74E2734854}.Debug|x86.ActiveCfg = Debug|iPhone
		{F33AEDA3-073E-4EA7-9739-2C74E2734854}.Release|Any CPU.ActiveCfg = Release|iPhone
		{F33AEDA3-073E-4EA7-9739-2C74E2734854}.Release|ARM.ActiveCfg = Release|iPhone
		{F33AEDA3-073E-4EA7-9739-2C74E2734854}.Release|iPhone.ActiveCfg = Release|iPhone
		{F33AEDA3-073E-4EA7-9739-2C74E2734854}.Release|iPhone.Build.0 = Release|iPhone
		{F33AEDA3-073E-4EA7-9739-2C74E2734854}.Release|iPhoneSimulator.ActiveCfg = Release|iPhoneSimulator
		{F33AEDA3-073E-4EA7-9739-2C74E2734854}.Release|iPhoneSimulator.Build.0 = Release|iPhoneSimulator
		{F33AEDA3-073E-4EA7-9739-2C74E2734854}.Release|x64.ActiveCfg = Release|iPhone
		{F33AEDA3-073E-4EA7-9739-2C74E2734854}.Release|x86.ActiveCfg = Release|iPhone
	EndGlobalSection
	GlobalSection(SolutionProperties) = preSolution
		HideSolutionNode = FALSE
	EndGlobalSection
	GlobalSection(ExtensibilityGlobals) = postSolution
		SolutionGuid = {F6A8E0DC-4E3B-4548-A4AB-48D3EF3E7FC4}
	EndGlobalSection
EndGlobal
